
Microsoft Visual Studio Solution File, Format Version 12.00
# Visual Studio Version 16
VisualStudioVersion = 16.0.29503.13
MinimumVisualStudioVersion = 10.0.40219.1
Project("{FAE04EC0-301F-11D3-BF4B-00C04F79EFBC}") = "ticketingSystem_1", "ticketingSystem_1.csproj", "{09AF783D-D1FF-4162-93D3-B71A1682654B}"
EndProject
Global
	GlobalSection(SolutionConfigurationPlatforms) = preSolution
		Debug|Any CPU = Debug|Any CPU
		Release|Any CPU = Release|Any CPU
	EndGlobalSection
	GlobalSection(ProjectConfigurationPlatforms) = postSolution
		{09AF783D-D1FF-4162-93D3-B71A1682654B}.Debug|Any CPU.ActiveCfg = Debug|Any CPU
		{09AF783D-D1FF-4162-93D3-B71A1682654B}.Debug|Any CPU.Build.0 = Debug|Any CPU
		{09AF783D-D1FF-4162-93D3-B71A1682654B}.Release|Any CPU.ActiveCfg = Release|Any CPU
		{09AF783D-D1FF-4162-93D3-B71A1682654B}.Release|Any CPU.Build.0 = Release|Any CPU
	EndGlobalSection
	GlobalSection(SolutionProperties) = preSolution
		HideSolutionNode = FALSE
	EndGlobalSection
	GlobalSection(ExtensibilityGlobals) = postSolution
		SolutionGuid = {8B278258-39A0-480C-AEDA-14E66137D37A}
	EndGlobalSection
EndGlobal
